
Microsoft Visual Studio Solution File, Format Version 12.00
# Visual Studio Version 16
VisualStudioVersion = 16.0.34031.81
MinimumVisualStudioVersion = 10.0.40219.1
Project("{FAE04EC0-301F-11D3-BF4B-00C04F79EFBC}") = "BT01", "BT01\BT01.csproj", "{B1EB8662-C5E2-47A4-B70B-D89E1C9CC38C}"
EndProject
Project("{FAE04EC0-301F-11D3-BF4B-00C04F79EFBC}") = "BT02", "BT02\BT02.csproj", "{6AD79F13-FBB8-4BCE-90FF-06DF83EE4223}"
EndProject
Global
	GlobalSection(SolutionConfigurationPlatforms) = preSolution
		Debug|Any CPU = Debug|Any CPU
		Release|Any CPU = Release|Any CPU
	EndGlobalSection
	GlobalSection(ProjectConfigurationPlatforms) = postSolution
		{B1EB8662-C5E2-47A4-B70B-D89E1C9CC38C}.Debug|Any CPU.ActiveCfg = Debug|Any CPU
		{B1EB8662-C5E2-47A4-B70B-D89E1C9CC38C}.Debug|Any CPU.Build.0 = Debug|Any CPU
		{B1EB8662-C5E2-47A4-B70B-D89E1C9CC38C}.Release|Any CPU.ActiveCfg = Release|Any CPU
		{B1EB8662-C5E2-47A4-B70B-D89E1C9CC38C}.Release|Any CPU.Build.0 = Release|Any CPU
		{6AD79F13-FBB8-4BCE-90FF-06DF83EE4223}.Debug|Any CPU.ActiveCfg = Debug|Any CPU
		{6AD79F13-FBB8-4BCE-90FF-06DF83EE4223}.Debug|Any CPU.Build.0 = Debug|Any CPU
		{6AD79F13-FBB8-4BCE-90FF-06DF83EE4223}.Release|Any CPU.ActiveCfg = Release|Any CPU
		{6AD79F13-FBB8-4BCE-90FF-06DF83EE4223}.Release|Any CPU.Build.0 = Release|Any CPU
	EndGlobalSection
	GlobalSection(SolutionProperties) = preSolution
		HideSolutionNode = FALSE
	EndGlobalSection
	GlobalSection(ExtensibilityGlobals) = postSolution
		SolutionGuid = {8CC74A50-4DCC-42E0-B48B-1FB9392AB716}
	EndGlobalSection
EndGlobal
